
Microsoft Visual Studio Solution File, Format Version 12.00
# Visual Studio Version 16
VisualStudioVersion = 16.0.30503.244
MinimumVisualStudioVersion = 10.0.40219.1
Project("{FAE04EC0-301F-11D3-BF4B-00C04F79EFBC}") = "KontoVerwaltungV4", "KontoVerwaltungV4\KontoVerwaltungV4.csproj", "{AE08AB5D-5CA4-4000-8C26-C4B330C6C6B2}"
EndProject
Global
	GlobalSection(SolutionConfigurationPlatforms) = preSolution
		Debug|Any CPU = Debug|Any CPU
		Release|Any CPU = Release|Any CPU
	EndGlobalSection
	GlobalSection(ProjectConfigurationPlatforms) = postSolution
		{AE08AB5D-5CA4-4000-8C26-C4B330C6C6B2}.Debug|Any CPU.ActiveCfg = Debug|Any CPU
		{AE08AB5D-5CA4-4000-8C26-C4B330C6C6B2}.Debug|Any CPU.Build.0 = Debug|Any CPU
		{AE08AB5D-5CA4-4000-8C26-C4B330C6C6B2}.Release|Any CPU.ActiveCfg = Release|Any CPU
		{AE08AB5D-5CA4-4000-8C26-C4B330C6C6B2}.Release|Any CPU.Build.0 = Release|Any CPU
	EndGlobalSection
	GlobalSection(SolutionProperties) = preSolution
		HideSolutionNode = FALSE
	EndGlobalSection
	GlobalSection(ExtensibilityGlobals) = postSolution
		SolutionGuid = {3EC2BCBD-389B-4E1F-9ADE-965E3C3783EE}
	EndGlobalSection
EndGlobal
